
Microsoft Visual Studio Solution File, Format Version 11.00
# Visual Studio 2010
Project("{FAE04EC0-301F-11D3-BF4B-00C04F79EFBC}") = "Assembly-CSharp", "Assembly-CSharp.csproj", "{20ca14d9-797b-9650-be22-804835a06691}"
EndProject
Project("{FAE04EC0-301F-11D3-BF4B-00C04F79EFBC}") = "AstarPathfindingProject", "AstarPathfindingProject.csproj", "{541789c5-f626-22c5-3fc1-d8ca73a43c51}"
EndProject
Project("{FAE04EC0-301F-11D3-BF4B-00C04F79EFBC}") = "AstarPathfindingProjectEditor", "AstarPathfindingProjectEditor.csproj", "{31592d5d-6fcf-2d58-f68b-d2f40533b7d2}"
EndProject
Project("{FAE04EC0-301F-11D3-BF4B-00C04F79EFBC}") = "PackageToolsEditor", "PackageToolsEditor.csproj", "{03e6f95e-15ed-a0f7-8e25-43d9cd39bda8}"
EndProject
Global
	GlobalSection(SolutionConfigurationPlatforms) = preSolution
		Debug|Any CPU = Debug|Any CPU
		Release|Any CPU = Release|Any CPU
	EndGlobalSection
	GlobalSection(ProjectConfigurationPlatforms) = postSolution
		{20ca14d9-797b-9650-be22-804835a06691}.Debug|Any CPU.ActiveCfg = Debug|Any CPU
		{20ca14d9-797b-9650-be22-804835a06691}.Debug|Any CPU.Build.0 = Debug|Any CPU
		{20ca14d9-797b-9650-be22-804835a06691}.Release|Any CPU.ActiveCfg = Release|Any CPU
		{20ca14d9-797b-9650-be22-804835a06691}.Release|Any CPU.Build.0 = Release|Any CPU
		{541789c5-f626-22c5-3fc1-d8ca73a43c51}.Debug|Any CPU.ActiveCfg = Debug|Any CPU
		{541789c5-f626-22c5-3fc1-d8ca73a43c51}.Debug|Any CPU.Build.0 = Debug|Any CPU
		{541789c5-f626-22c5-3fc1-d8ca73a43c51}.Release|Any CPU.ActiveCfg = Release|Any CPU
		{541789c5-f626-22c5-3fc1-d8ca73a43c51}.Release|Any CPU.Build.0 = Release|Any CPU
		{31592d5d-6fcf-2d58-f68b-d2f40533b7d2}.Debug|Any CPU.ActiveCfg = Debug|Any CPU
		{31592d5d-6fcf-2d58-f68b-d2f40533b7d2}.Debug|Any CPU.Build.0 = Debug|Any CPU
		{31592d5d-6fcf-2d58-f68b-d2f40533b7d2}.Release|Any CPU.ActiveCfg = Release|Any CPU
		{31592d5d-6fcf-2d58-f68b-d2f40533b7d2}.Release|Any CPU.Build.0 = Release|Any CPU
		{03e6f95e-15ed-a0f7-8e25-43d9cd39bda8}.Debug|Any CPU.ActiveCfg = Debug|Any CPU
		{03e6f95e-15ed-a0f7-8e25-43d9cd39bda8}.Debug|Any CPU.Build.0 = Debug|Any CPU
		{03e6f95e-15ed-a0f7-8e25-43d9cd39bda8}.Release|Any CPU.ActiveCfg = Release|Any CPU
		{03e6f95e-15ed-a0f7-8e25-43d9cd39bda8}.Release|Any CPU.Build.0 = Release|Any CPU
	EndGlobalSection
	GlobalSection(SolutionProperties) = preSolution
		HideSolutionNode = FALSE
	EndGlobalSection
EndGlobal
